Microsoft Visual Studio Solution File, Format Version 11.00
# Visual Studio 2008

Project("{CBE96768-212F-ACCA-F642-2F7470D801EF}") = "Projeto", "Assembly-CSharp-firstpass.csproj", "{442EE4B0-F133-A5AC-C7A4-24427A805637}"
EndProject
Project("{CBE96768-212F-ACCA-F642-2F7470D801EF}") = "Projeto", "Assembly-CSharp.csproj", "{5E654687-AB6C-4253-697D-CD95BF6C5691}"
EndProject
Project("{CBE96768-212F-ACCA-F642-2F7470D801EF}") = "Projeto", "Assembly-CSharp-Editor-firstpass.csproj", "{51A951F3-0402-94E7-F222-46A9AB68EB55}"
EndProject
Global
	GlobalSection(SolutionConfigurationPlatforms) = preSolution
		Debug|Any CPU = Debug|Any CPU
		Release|Any CPU = Release|Any CPU
	EndGlobalSection
	GlobalSection(ProjectConfigurationPlatforms) = postSolution
		{442EE4B0-F133-A5AC-C7A4-24427A805637}.Debug|Any CPU.ActiveCfg = Debug|Any CPU
		{442EE4B0-F133-A5AC-C7A4-24427A805637}.Debug|Any CPU.Build.0 = Debug|Any CPU
		{442EE4B0-F133-A5AC-C7A4-24427A805637}.Release|Any CPU.ActiveCfg = Release|Any CPU
		{442EE4B0-F133-A5AC-C7A4-24427A805637}.Release|Any CPU.Build.0 = Release|Any CPU
		{5E654687-AB6C-4253-697D-CD95BF6C5691}.Debug|Any CPU.ActiveCfg = Debug|Any CPU
		{5E654687-AB6C-4253-697D-CD95BF6C5691}.Debug|Any CPU.Build.0 = Debug|Any CPU
		{5E654687-AB6C-4253-697D-CD95BF6C5691}.Release|Any CPU.ActiveCfg = Release|Any CPU
		{5E654687-AB6C-4253-697D-CD95BF6C5691}.Release|Any CPU.Build.0 = Release|Any CPU
		{51A951F3-0402-94E7-F222-46A9AB68EB55}.Debug|Any CPU.ActiveCfg = Debug|Any CPU
		{51A951F3-0402-94E7-F222-46A9AB68EB55}.Debug|Any CPU.Build.0 = Debug|Any CPU
		{51A951F3-0402-94E7-F222-46A9AB68EB55}.Release|Any CPU.ActiveCfg = Release|Any CPU
		{51A951F3-0402-94E7-F222-46A9AB68EB55}.Release|Any CPU.Build.0 = Release|Any CPU
	EndGlobalSection
	GlobalSection(SolutionProperties) = preSolution
		HideSolutionNode = FALSE
	EndGlobalSection
	GlobalSection(MonoDevelopProperties) = preSolution
		StartupItem = Assembly-CSharp.csproj
	EndGlobalSection
EndGlobal
